
Microsoft Visual Studio Solution File, Format Version 12.00
# Visual Studio Version 17
VisualStudioVersion = 17.0.0.0
MinimumVisualStudioVersion = 10.0.40219.1
Project("{9A19103F-16F7-4668-BE54-9A1E7A4F7556}") = "OrganizeContacts.Core", "src\OrganizeContacts.Core\OrganizeContacts.Core.csproj", "{A1B2C3D4-1111-2222-3333-444444444444}"
EndProject
Project("{9A19103F-16F7-4668-BE54-9A1E7A4F7556}") = "OrganizeContacts.App", "src\OrganizeContacts.App\OrganizeContacts.App.csproj", "{A1B2C3D4-5555-6666-7777-888888888888}"
EndProject
Project("{2150E333-8FDC-42A3-9474-1A3956D46DE8}") = "tests", "tests", "{0AB3BF05-4346-4AA6-1389-037BE0695223}"
EndProject
Project("{FAE04EC0-301F-11D3-BF4B-00C04F79EFBC}") = "OrganizeContacts.Tests", "tests\OrganizeContacts.Tests\OrganizeContacts.Tests.csproj", "{0A5C240F-0B87-4E21-B959-09816A9AD830}"
EndProject
Project("{2150E333-8FDC-42A3-9474-1A3956D46DE8}") = "src", "src", "{827E0CD3-B72D-47B6-A68D-7590B98EB39B}"
EndProject
Project("{FAE04EC0-301F-11D3-BF4B-00C04F79EFBC}") = "OrganizeContacts.Cli", "src\OrganizeContacts.Cli\OrganizeContacts.Cli.csproj", "{B43F6816-5DC6-4AB0-AE42-2DA6B0C87940}"
EndProject
Global
	GlobalSection(SolutionConfigurationPlatforms) = preSolution
		Debug|Any CPU = Debug|Any CPU
		Debug|x64 = Debug|x64
		Debug|x86 = Debug|x86
		Release|Any CPU = Release|Any CPU
		Release|x64 = Release|x64
		Release|x86 = Release|x86
	EndGlobalSection
	GlobalSection(ProjectConfigurationPlatforms) = postSolution
		{A1B2C3D4-1111-2222-3333-444444444444}.Debug|Any CPU.ActiveCfg = Debug|Any CPU
		{A1B2C3D4-1111-2222-3333-444444444444}.Debug|Any CPU.Build.0 = Debug|Any CPU
		{A1B2C3D4-1111-2222-3333-444444444444}.Debug|x64.ActiveCfg = Debug|Any CPU
		{A1B2C3D4-1111-2222-3333-444444444444}.Debug|x64.Build.0 = Debug|Any CPU
		{A1B2C3D4-1111-2222-3333-444444444444}.Debug|x86.ActiveCfg = Debug|Any CPU
		{A1B2C3D4-1111-2222-3333-444444444444}.Debug|x86.Build.0 = Debug|Any CPU
		{A1B2C3D4-1111-2222-3333-444444444444}.Release|Any CPU.ActiveCfg = Release|Any CPU
		{A1B2C3D4-1111-2222-3333-444444444444}.Release|Any CPU.Build.0 = Release|Any CPU
		{A1B2C3D4-1111-2222-3333-444444444444}.Release|x64.ActiveCfg = Release|Any CPU
		{A1B2C3D4-1111-2222-3333-444444444444}.Release|x64.Build.0 = Release|Any CPU
		{A1B2C3D4-1111-2222-3333-444444444444}.Release|x86.ActiveCfg = Release|Any CPU
		{A1B2C3D4-1111-2222-3333-444444444444}.Release|x86.Build.0 = Release|Any CPU
		{A1B2C3D4-5555-6666-7777-888888888888}.Debug|Any CPU.ActiveCfg = Debug|Any CPU
		{A1B2C3D4-5555-6666-7777-888888888888}.Debug|Any CPU.Build.0 = Debug|Any CPU
		{A1B2C3D4-5555-6666-7777-888888888888}.Debug|x64.ActiveCfg = Debug|Any CPU
		{A1B2C3D4-5555-6666-7777-888888888888}.Debug|x64.Build.0 = Debug|Any CPU
		{A1B2C3D4-5555-6666-7777-888888888888}.Debug|x86.ActiveCfg = Debug|Any CPU
		{A1B2C3D4-5555-6666-7777-888888888888}.Debug|x86.Build.0 = Debug|Any CPU
		{A1B2C3D4-5555-6666-7777-888888888888}.Release|Any CPU.ActiveCfg = Release|Any CPU
		{A1B2C3D4-5555-6666-7777-888888888888}.Release|Any CPU.Build.0 = Release|Any CPU
		{A1B2C3D4-5555-6666-7777-888888888888}.Release|x64.ActiveCfg = Release|Any CPU
		{A1B2C3D4-5555-6666-7777-888888888888}.Release|x64.Build.0 = Release|Any CPU
		{A1B2C3D4-5555-6666-7777-888888888888}.Release|x86.ActiveCfg = Release|Any CPU
		{A1B2C3D4-5555-6666-7777-888888888888}.Release|x86.Build.0 = Release|Any CPU
		{0A5C240F-0B87-4E21-B959-09816A9AD830}.Debug|Any CPU.ActiveCfg = Debug|Any CPU
		{0A5C240F-0B87-4E21-B959-09816A9AD830}.Debug|Any CPU.Build.0 = Debug|Any CPU
		{0A5C240F-0B87-4E21-B959-09816A9AD830}.Debug|x64.ActiveCfg = Debug|Any CPU
		{0A5C240F-0B87-4E21-B959-09816A9AD830}.Debug|x64.Build.0 = Debug|Any CPU
		{0A5C240F-0B87-4E21-B959-09816A9AD830}.Debug|x86.ActiveCfg = Debug|Any CPU
		{0A5C240F-0B87-4E21-B959-09816A9AD830}.Debug|x86.Build.0 = Debug|Any CPU
		{0A5C240F-0B87-4E21-B959-09816A9AD830}.Release|Any CPU.ActiveCfg = Release|Any CPU
		{0A5C240F-0B87-4E21-B959-09816A9AD830}.Release|Any CPU.Build.0 = Release|Any CPU
		{0A5C240F-0B87-4E21-B959-09816A9AD830}.Release|x64.ActiveCfg = Release|Any CPU
		{0A5C240F-0B87-4E21-B959-09816A9AD830}.Release|x64.Build.0 = Release|Any CPU
		{0A5C240F-0B87-4E21-B959-09816A9AD830}.Release|x86.ActiveCfg = Release|Any CPU
		{0A5C240F-0B87-4E21-B959-09816A9AD830}.Release|x86.Build.0 = Release|Any CPU
		{B43F6816-5DC6-4AB0-AE42-2DA6B0C87940}.Debug|Any CPU.ActiveCfg = Debug|Any CPU
		{B43F6816-5DC6-4AB0-AE42-2DA6B0C87940}.Debug|Any CPU.Build.0 = Debug|Any CPU
		{B43F6816-5DC6-4AB0-AE42-2DA6B0C87940}.Debug|x64.ActiveCfg = Debug|Any CPU
		{B43F6816-5DC6-4AB0-AE42-2DA6B0C87940}.Debug|x64.Build.0 = Debug|Any CPU
		{B43F6816-5DC6-4AB0-AE42-2DA6B0C87940}.Debug|x86.ActiveCfg = Debug|Any CPU
		{B43F6816-5DC6-4AB0-AE42-2DA6B0C87940}.Debug|x86.Build.0 = Debug|Any CPU
		{B43F6816-5DC6-4AB0-AE42-2DA6B0C87940}.Release|Any CPU.ActiveCfg = Release|Any CPU
		{B43F6816-5DC6-4AB0-AE42-2DA6B0C87940}.Release|Any CPU.Build.0 = Release|Any CPU
		{B43F6816-5DC6-4AB0-AE42-2DA6B0C87940}.Release|x64.ActiveCfg = Release|Any CPU
		{B43F6816-5DC6-4AB0-AE42-2DA6B0C87940}.Release|x64.Build.0 = Release|Any CPU
		{B43F6816-5DC6-4AB0-AE42-2DA6B0C87940}.Release|x86.ActiveCfg = Release|Any CPU
		{B43F6816-5DC6-4AB0-AE42-2DA6B0C87940}.Release|x86.Build.0 = Release|Any CPU
	EndGlobalSection
	GlobalSection(SolutionProperties) = preSolution
		HideSolutionNode = FALSE
	EndGlobalSection
	GlobalSection(NestedProjects) = preSolution
		{0A5C240F-0B87-4E21-B959-09816A9AD830} = {0AB3BF05-4346-4AA6-1389-037BE0695223}
		{B43F6816-5DC6-4AB0-AE42-2DA6B0C87940} = {827E0CD3-B72D-47B6-A68D-7590B98EB39B}
	EndGlobalSection
EndGlobal
